
Microsoft Visual Studio Solution File, Format Version 12.00
# Visual Studio Version 16
VisualStudioVersion = 16.0.30011.22
MinimumVisualStudioVersion = 10.0.40219.1
Project("{FAE04EC0-301F-11D3-BF4B-00C04F79EFBC}") = "Contacts_2", "Contacts_2\Contacts_2.csproj", "{57005794-4D95-4635-8026-99E71D277DF4}"
EndProject
Global
	GlobalSection(SolutionConfigurationPlatforms) = preSolution
		Debug|Any CPU = Debug|Any CPU
		Release|Any CPU = Release|Any CPU
	EndGlobalSection
	GlobalSection(ProjectConfigurationPlatforms) = postSolution
		{57005794-4D95-4635-8026-99E71D277DF4}.Debug|Any CPU.ActiveCfg = Debug|Any CPU
		{57005794-4D95-4635-8026-99E71D277DF4}.Debug|Any CPU.Build.0 = Debug|Any CPU
		{57005794-4D95-4635-8026-99E71D277DF4}.Release|Any CPU.ActiveCfg = Release|Any CPU
		{57005794-4D95-4635-8026-99E71D277DF4}.Release|Any CPU.Build.0 = Release|Any CPU
	EndGlobalSection
	GlobalSection(SolutionProperties) = preSolution
		HideSolutionNode = FALSE
	EndGlobalSection
	GlobalSection(ExtensibilityGlobals) = postSolution
		SolutionGuid = {5588B035-7BDB-409E-A2EE-57BE49ECEB6F}
	EndGlobalSection
EndGlobal
